
Microsoft Visual Studio Solution File, Format Version 12.00
# Visual Studio 15
VisualStudioVersion = 15.0.28010.2016
MinimumVisualStudioVersion = 10.0.40219.1
Project("{FAE04EC0-301F-11D3-BF4B-00C04F79EFBC}") = "Delagates", "Delagates\Delagates.csproj", "{BB85F12D-8023-465C-A899-06629D6EAF52}"
EndProject
Global
	GlobalSection(SolutionConfigurationPlatforms) = preSolution
		Debug|Any CPU = Debug|Any CPU
		Release|Any CPU = Release|Any CPU
	EndGlobalSection
	GlobalSection(ProjectConfigurationPlatforms) = postSolution
		{BB85F12D-8023-465C-A899-06629D6EAF52}.Debug|Any CPU.ActiveCfg = Debug|Any CPU
		{BB85F12D-8023-465C-A899-06629D6EAF52}.Debug|Any CPU.Build.0 = Debug|Any CPU
		{BB85F12D-8023-465C-A899-06629D6EAF52}.Release|Any CPU.ActiveCfg = Release|Any CPU
		{BB85F12D-8023-465C-A899-06629D6EAF52}.Release|Any CPU.Build.0 = Release|Any CPU
	EndGlobalSection
	GlobalSection(SolutionProperties) = preSolution
		HideSolutionNode = FALSE
	EndGlobalSection
	GlobalSection(ExtensibilityGlobals) = postSolution
		SolutionGuid = {C86013B5-F5C4-4263-829A-4F05E1A6C91C}
	EndGlobalSection
EndGlobal
